{
  "name": "gulp-vue-compiler",
  "version": "1.0.0-beta.0",
  "lockfileVersion": 1,
  "requires": true,
  "dependencies": {
    "abbrev": {
      "version": "1.1.1",
      "resolved": "https://registry.npmjs.org/abbrev/-/abbrev-1.1.1.tgz",
      "integrity": "sha512-nne9/IiQ/hzIhY6pdDnbBtz7DjPTKrY00P/zvPSm5pOFkl6xuGrGnXn/VtTNNfNtAfZ9/1RtehkszU9qcTii0Q=="
    },
    "ansi-regex": {
      "version": "2.1.1",
      "resolved": "https://registry.npmjs.org/ansi-regex/-/ansi-regex-2.1.1.tgz",
      "integrity": "sha1-w7M6te42DYbg5ijwRorn7yfWVN8="
    },
    "ansi-styles": {
      "version": "2.2.1",
      "resolved": "https://registry.npmjs.org/ansi-styles/-/ansi-styles-2.2.1.tgz",
      "integrity": "sha1-tDLdM1i2NM914eRmQ2gkBTPB3b4="
    },
    "array-differ": {
      "version": "1.0.0",
      "resolved": "https://registry.npmjs.org/array-differ/-/array-differ-1.0.0.tgz",
      "integrity": "sha1-7/UuN1gknTO+QCuLuOVkuytdQDE="
    },
    "array-uniq": {
      "version": "1.0.3",
      "resolved": "https://registry.npmjs.org/array-uniq/-/array-uniq-1.0.3.tgz",
      "integrity": "sha1-r2rId6Jcx/dOBYiUdThY39sk/bY="
    },
    "babel-code-frame": {
      "version": "6.26.0",
      "resolved": "https://registry.npmjs.org/babel-code-frame/-/babel-code-frame-6.26.0.tgz",
      "integrity": "sha1-Y/1D99weO7fONZR9uP42mj9Yx0s=",
      "requires": {
        "chalk": "1.1.3",
        "esutils": "2.0.2",
        "js-tokens": "3.0.2"
      }
    },
    "babel-core": {
      "version": "6.26.0",
      "resolved": "https://registry.npmjs.org/babel-core/-/babel-core-6.26.0.tgz",
      "integrity": "sha1-rzL3izGm/O8RnIew/Y2XU/A6C7g=",
      "requires": {
        "babel-code-frame": "6.26.0",
        "babel-generator": "6.26.0",
        "babel-helpers": "6.24.1",
        "babel-messages": "6.23.0",
        "babel-register": "6.26.0",
        "babel-runtime": "6.26.0",
        "babel-template": "6.26.0",
        "babel-traverse": "6.26.0",
        "babel-types": "6.26.0",
        "babylon": "6.18.0",
        "convert-source-map": "1.5.0",
        "debug": "2.6.9",
        "json5": "0.5.1",
        "lodash": "4.17.4",
        "minimatch": "3.0.4",
        "path-is-absolute": "1.0.1",
        "private": "0.1.8",
        "slash": "1.0.0",
        "source-map": "0.5.7"
      }
    },
    "babel-generator": {
      "version": "6.26.0",
      "resolved": "https://registry.npmjs.org/babel-generator/-/babel-generator-6.26.0.tgz",
      "integrity": "sha1-rBriAHC3n248odMmlhMFN3TyDcU=",
      "requires": {
        "babel-messages": "6.23.0",
        "babel-runtime": "6.26.0",
        "babel-types": "6.26.0",
        "detect-indent": "4.0.0",
        "jsesc": "1.3.0",
        "lodash": "4.17.4",
        "source-map": "0.5.7",
        "trim-right": "1.0.1"
      }
    },
    "babel-helpers": {
      "version": "6.24.1",
      "resolved": "https://registry.npmjs.org/babel-helpers/-/babel-helpers-6.24.1.tgz",
      "integrity": "sha1-NHHenK7DiOXIUOWX5Yom3fN2ArI=",
      "requires": {
        "babel-runtime": "6.26.0",
        "babel-template": "6.26.0"
      }
    },
    "babel-messages": {
      "version": "6.23.0",
      "resolved": "https://registry.npmjs.org/babel-messages/-/babel-messages-6.23.0.tgz",
      "integrity": "sha1-8830cDhYA1sqKVHG7F7fbGLyYw4=",
      "requires": {
        "babel-runtime": "6.26.0"
      }
    },
    "babel-register": {
      "version": "6.26.0",
      "resolved": "https://registry.npmjs.org/babel-register/-/babel-register-6.26.0.tgz",
      "integrity": "sha1-btAhFz4vy0htestFxgCahW9kcHE=",
      "requires": {
        "babel-core": "6.26.0",
        "babel-runtime": "6.26.0",
        "core-js": "2.5.1",
        "home-or-tmp": "2.0.0",
        "lodash": "4.17.4",
        "mkdirp": "0.5.1",
        "source-map-support": "0.4.18"
      }
    },
    "babel-runtime": {
      "version": "6.26.0",
      "resolved": "https://registry.npmjs.org/babel-runtime/-/babel-runtime-6.26.0.tgz",
      "integrity": "sha1-llxwWGaOgrVde/4E/yM3vItWR/4=",
      "requires": {
        "core-js": "2.5.1",
        "regenerator-runtime": "0.11.0"
      }
    },
    "babel-template": {
      "version": "6.26.0",
      "resolved": "https://registry.npmjs.org/babel-template/-/babel-template-6.26.0.tgz",
      "integrity": "sha1-3gPi0WOWsGn0bdn/+FIfsaDjXgI=",
      "requires": {
        "babel-runtime": "6.26.0",
        "babel-traverse": "6.26.0",
        "babel-types": "6.26.0",
        "babylon": "6.18.0",
        "lodash": "4.17.4"
      }
    },
    "babel-traverse": {
      "version": "6.26.0",
      "resolved": "https://registry.npmjs.org/babel-traverse/-/babel-traverse-6.26.0.tgz",
      "integrity": "sha1-RqnL1+3MYsjlwGTi0tjQ9ANXZu4=",
      "requires": {
        "babel-code-frame": "6.26.0",
        "babel-messages": "6.23.0",
        "babel-runtime": "6.26.0",
        "babel-types": "6.26.0",
        "babylon": "6.18.0",
        "debug": "2.6.9",
        "globals": "9.18.0",
        "invariant": "2.2.2",
        "lodash": "4.17.4"
      }
    },
    "babel-types": {
      "version": "6.26.0",
      "resolved": "https://registry.npmjs.org/babel-types/-/babel-types-6.26.0.tgz",
      "integrity": "sha1-o7Bz+Uq0nrb6Vc1lInozQ4BjJJc=",
      "requires": {
        "babel-runtime": "6.26.0",
        "esutils": "2.0.2",
        "lodash": "4.17.4",
        "to-fast-properties": "1.0.3"
      }
    },
    "babylon": {
      "version": "6.18.0",
      "resolved": "https://registry.npmjs.org/babylon/-/babylon-6.18.0.tgz",
      "integrity": "sha512-q/UEjfGJ2Cm3oKV71DJz9d25TPnq5rhBVL2Q4fA5wcC3jcrdn7+SssEybFIxwAvvP+YCsCYNKughoF33GxgycQ=="
    },
    "balanced-match": {
      "version": "1.0.0",
      "resolved": "https://registry.npmjs.org/balanced-match/-/balanced-match-1.0.0.tgz",
      "integrity": "sha1-ibTRmasr7kneFk6gK4nORi1xt2c="
    },
    "beeper": {
      "version": "1.1.1",
      "resolved": "https://registry.npmjs.org/beeper/-/beeper-1.1.1.tgz",
      "integrity": "sha1-5tXqjF2tABMEpwsiY4RH9pyy+Ak="
    },
    "big.js": {
      "version": "3.2.0",
      "resolved": "https://registry.npmjs.org/big.js/-/big.js-3.2.0.tgz",
      "integrity": "sha512-+hN/Zh2D08Mx65pZ/4g5bsmNiZUuChDiQfTUQ7qJr4/kuopCr88xZsAXv6mBoZEsUI4OuGHlX59qE94K2mMW8Q=="
    },
    "brace-expansion": {
      "version": "1.1.8",
      "resolved": "https://registry.npmjs.org/brace-expansion/-/brace-expansion-1.1.8.tgz",
      "integrity": "sha1-wHshHHyVLsH479Uad+8NHTmQopI=",
      "requires": {
        "balanced-match": "1.0.0",
        "concat-map": "0.0.1"
      }
    },
    "chalk": {
      "version": "1.1.3",
      "resolved": "https://registry.npmjs.org/chalk/-/chalk-1.1.3.tgz",
      "integrity": "sha1-qBFcVeSnAv5NFQq9OHKCKn4J/Jg=",
      "requires": {
        "ansi-styles": "2.2.1",
        "escape-string-regexp": "1.0.5",
        "has-ansi": "2.0.0",
        "strip-ansi": "3.0.1",
        "supports-color": "2.0.0"
      }
    },
    "clone": {
      "version": "1.0.2",
      "resolved": "https://registry.npmjs.org/clone/-/clone-1.0.2.tgz",
      "integrity": "sha1-Jgt6meux7f4kdTgXX3gyQ8sZ0Uk="
    },
    "clone-stats": {
      "version": "0.0.1",
      "resolved": "https://registry.npmjs.org/clone-stats/-/clone-stats-0.0.1.tgz",
      "integrity": "sha1-uI+UqCzzi4eR1YBG6kAprYjKmdE="
    },
    "color-convert": {
      "version": "1.9.3",
      "resolved": "https://registry.npmjs.org/color-convert/-/color-convert-1.9.3.tgz",
      "integrity": "sha512-QfAUtd+vFdAtFQcC8CCyYt1fYWxSqAiK2cSD6zDB8N3cpsEBAvRxp9zOGg6G/SHHJYAT88/az/IuDGALsNVbGg==",
      "requires": {
        "color-name": "1.1.3"
      }
    },
    "color-name": {
      "version": "1.1.3",
      "resolved": "https://registry.npmjs.org/color-name/-/color-name-1.1.3.tgz",
      "integrity": "sha512-72fSenhMw2HZMTVHeCA9KCmpEIbzWiQsjN+BHcBbS9vr1mtt+vJjPdksIBNUmKAW8TFUDPJK5SUU3QhE9NEXDw=="
    },
    "commander": {
      "version": "2.20.3",
      "resolved": "https://registry.npmjs.org/commander/-/commander-2.20.3.tgz",
      "integrity": "sha512-GpVkmM8vF2vQUkj2LvZmD35JxeJOLCwJ9cUkugyk2nuhbv3+mJvpLYYt+0+USMxE+oj+ey/lJEnhZw75x/OMcQ=="
    },
    "concat-map": {
      "version": "0.0.1",
      "resolved": "https://registry.npmjs.org/concat-map/-/concat-map-0.0.1.tgz",
      "integrity": "sha1-2Klr13/Wjfd5OnMDajug1UBdR3s="
    },
    "config-chain": {
      "version": "1.1.13",
      "resolved": "https://registry.npmjs.org/config-chain/-/config-chain-1.1.13.tgz",
      "integrity": "sha512-qj+f8APARXHrM0hraqXYb2/bOVSV4PvJQlNZ/DVj0QrmNM2q2euizkeuVckQ57J+W0mRH6Hvi+k50M4Jul2VRQ==",
      "requires": {
        "ini": "^1.3.4",
        "proto-list": "~1.2.1"
      }
    },
    "convert-source-map": {
      "version": "1.5.0",
      "resolved": "https://registry.npmjs.org/convert-source-map/-/convert-source-map-1.5.0.tgz",
      "integrity": "sha1-ms1whRxtXf3ZPZKC5e35SgP/RrU="
    },
    "core-js": {
      "version": "2.5.1",
      "resolved": "https://registry.npmjs.org/core-js/-/core-js-2.5.1.tgz",
      "integrity": "sha1-rmh03GaTd4m4B1T/VCjfZoGcpQs="
    },
    "core-util-is": {
      "version": "1.0.2",
      "resolved": "https://registry.npmjs.org/core-util-is/-/core-util-is-1.0.2.tgz",
      "integrity": "sha1-tf1UIgqivFq1eqtxQMlAdUUDwac="
    },
    "css-modules-loader-core": {
      "version": "1.1.0",
      "resolved": "https://registry.npmjs.org/css-modules-loader-core/-/css-modules-loader-core-1.1.0.tgz",
      "integrity": "sha512-XWOBwgy5nwBn76aA+6ybUGL/3JBnCtBX9Ay9/OWIpzKYWlVHMazvJ+WtHumfi+xxdPF440cWK7JCYtt8xDifew==",
      "requires": {
        "icss-replace-symbols": "1.1.0",
        "postcss": "6.0.1",
        "postcss-modules-extract-imports": "1.1.0",
        "postcss-modules-local-by-default": "1.2.0",
        "postcss-modules-scope": "1.1.0",
        "postcss-modules-values": "1.3.0"
      },
      "dependencies": {
        "has-flag": {
          "version": "1.0.0",
          "resolved": "https://registry.npmjs.org/has-flag/-/has-flag-1.0.0.tgz",
          "integrity": "sha512-DyYHfIYwAJmjAjSSPKANxI8bFY9YtFrgkAfinBojQ8YJTOuOuav64tMUJv584SES4xl74PmuaevIyaLESHdTAA=="
        },
        "postcss": {
          "version": "6.0.1",
          "resolved": "https://registry.npmjs.org/postcss/-/postcss-6.0.1.tgz",
          "integrity": "sha512-VbGX1LQgQbf9l3cZ3qbUuC3hGqIEOGQFHAEHQ/Diaeo0yLgpgK5Rb8J+OcamIfQ9PbAU/fzBjVtQX3AhJHUvZw==",
          "requires": {
            "chalk": "^1.1.3",
            "source-map": "^0.5.6",
            "supports-color": "^3.2.3"
          }
        },
        "supports-color": {
          "version": "3.2.3",
          "resolved": "https://registry.npmjs.org/supports-color/-/supports-color-3.2.3.tgz",
          "integrity": "sha512-Jds2VIYDrlp5ui7t8abHN2bjAu4LV/q4N2KivFPpGH0lrka0BMq/33AmECUXlKPcHigkNaqfXRENFju+rlcy+A==",
          "requires": {
            "has-flag": "^1.0.0"
          }
        }
      }
    },
    "css-selector-tokenizer": {
      "version": "0.7.3",
      "resolved": "https://registry.npmjs.org/css-selector-tokenizer/-/css-selector-tokenizer-0.7.3.tgz",
      "integrity": "sha512-jWQv3oCEL5kMErj4wRnK/OPoBi0D+P1FR2cDCKYPaMeD2eW3/mttav8HT4hT1CKopiJI/psEULjkClhvJo4Lvg==",
      "requires": {
        "cssesc": "^3.0.0",
        "fastparse": "^1.1.2"
      }
    },
    "cssesc": {
      "version": "3.0.0",
      "resolved": "https://registry.npmjs.org/cssesc/-/cssesc-3.0.0.tgz",
      "integrity": "sha512-/Tb/JcjK111nNScGob5MNtsntNM1aCNUDipB/TkwZFhyDrrE47SOx/18wF2bbjgc3ZzCSKW1T5nt5EbFoAz/Vg=="
    },
    "dateformat": {
      "version": "2.2.0",
      "resolved": "https://registry.npmjs.org/dateformat/-/dateformat-2.2.0.tgz",
      "integrity": "sha1-QGXiATz5+5Ft39gu+1Bq1MZ2kGI="
    },
    "de-indent": {
      "version": "1.0.2",
      "resolved": "https://registry.npmjs.org/de-indent/-/de-indent-1.0.2.tgz",
      "integrity": "sha512-e/1zu3xH5MQryN2zdVaF0OrdNLUbvWxzMbi+iNA6Bky7l1RoP8a2fIbRocyHclXt/arDrrR6lL3TqFD9pMQTsg=="
    },
    "debug": {
      "version": "2.6.9",
      "resolved": "https://registry.npmjs.org/debug/-/debug-2.6.9.tgz",
      "integrity": "sha512-bC7ElrdJaJnPbAP+1EotYvqZsb3ecl5wi6Bfi6BJTUcNowp6cvspg0jXznRTKDjm/E7AdgFBVeAPVMNcKGsHMA==",
      "requires": {
        "ms": "2.0.0"
      }
    },
    "detect-indent": {
      "version": "4.0.0",
      "resolved": "https://registry.npmjs.org/detect-indent/-/detect-indent-4.0.0.tgz",
      "integrity": "sha1-920GQ1LN9Docts5hnE7jqUdd4gg=",
      "requires": {
        "repeating": "2.0.1"
      }
    },
    "duplexer2": {
      "version": "0.0.2",
      "resolved": "https://registry.npmjs.org/duplexer2/-/duplexer2-0.0.2.tgz",
      "integrity": "sha1-xhTc9n4vsUmVqRcR5aYX6KYKMds=",
      "requires": {
        "readable-stream": "1.1.14"
      }
    },
    "editorconfig": {
      "version": "0.15.3",
      "resolved": "https://registry.npmjs.org/editorconfig/-/editorconfig-0.15.3.tgz",
      "integrity": "sha512-M9wIMFx96vq0R4F+gRpY3o2exzb8hEj/n9S8unZtHSvYjibBp/iMufSzvmOcV/laG0ZtuTVGtiJggPOSW2r93g==",
      "requires": {
        "commander": "^2.19.0",
        "lru-cache": "^4.1.5",
        "semver": "^5.6.0",
        "sigmund": "^1.0.1"
      }
    },
    "emojis-list": {
      "version": "2.1.0",
      "resolved": "https://registry.npmjs.org/emojis-list/-/emojis-list-2.1.0.tgz",
      "integrity": "sha512-knHEZMgs8BB+MInokmNTg/OyPlAddghe1YBgNwJBc5zsJi/uyIcXoSDsL/W9ymOsBoBGdPIHXYJ9+qKFwRwDng=="
    },
    "escape-string-regexp": {
      "version": "1.0.5",
      "resolved": "https://registry.npmjs.org/escape-string-regexp/-/escape-string-regexp-1.0.5.tgz",
      "integrity": "sha1-G2HAViGQqN/2rjuyzwIAyhMLhtQ="
    },
    "esutils": {
      "version": "2.0.2",
      "resolved": "https://registry.npmjs.org/esutils/-/esutils-2.0.2.tgz",
      "integrity": "sha1-Cr9PHKpbyx96nYrMbepPqqBLrJs="
    },
    "fancy-log": {
      "version": "1.3.0",
      "resolved": "https://registry.npmjs.org/fancy-log/-/fancy-log-1.3.0.tgz",
      "integrity": "sha1-Rb4X0Cu5kX1gzP/UmVyZnmyMmUg=",
      "requires": {
        "chalk": "1.1.3",
        "time-stamp": "1.1.0"
      }
    },
    "fastparse": {
      "version": "1.1.2",
      "resolved": "https://registry.npmjs.org/fastparse/-/fastparse-1.1.2.tgz",
      "integrity": "sha512-483XLLxTVIwWK3QTrMGRqUfUpoOs/0hbQrl2oz4J0pAcm3A3bu84wxTFqGqkJzewCLdME38xJLJAxBABfQT8sQ=="
    },
    "flatten": {
      "version": "1.0.3",
      "resolved": "https://registry.npmjs.org/flatten/-/flatten-1.0.3.tgz",
      "integrity": "sha512-dVsPA/UwQ8+2uoFe5GHtiBMu48dWLTdsuEd7CKGlZlD78r1TTWBvDuFaFGKCo/ZfEr95Uk56vZoX86OsHkUeIg=="
    },
    "fs.realpath": {
      "version": "1.0.0",
      "resolved": "https://registry.npmjs.org/fs.realpath/-/fs.realpath-1.0.0.tgz",
      "integrity": "sha512-OO0pH2lK6a0hZnAdau5ItzHPI6pUlvI7jMVnxUQRtw4owF2wk8lOSabtGDCTP4Ggrg2MbGnWO9X8K1t4+fGMDw=="
    },
    "generic-names": {
      "version": "1.0.3",
      "resolved": "https://registry.npmjs.org/generic-names/-/generic-names-1.0.3.tgz",
      "integrity": "sha512-b6OHfQuKasIKM9b6YPkX+KUj/TLBTx3B/1aT1T5F12FEuEqyFMdr59OMS53aoaSw8eVtapdqieX6lbg5opaOhA==",
      "requires": {
        "loader-utils": "^0.2.16"
      }
    },
    "glob": {
      "version": "8.1.0",
      "resolved": "https://registry.npmjs.org/glob/-/glob-8.1.0.tgz",
      "integrity": "sha512-r8hpEjiQEYlF2QU0df3dS+nxxSIreXQS1qRhMJM0Q5NDdR386C7jb7Hwwod8Fgiuex+k0GFjgft18yvxm5XoCQ==",
      "requires": {
        "fs.realpath": "^1.0.0",
        "inflight": "^1.0.4",
        "inherits": "2",
        "minimatch": "^5.0.1",
        "once": "^1.3.0"
      },
      "dependencies": {
        "brace-expansion": {
          "version": "2.0.1",
          "resolved": "https://registry.npmjs.org/brace-expansion/-/brace-expansion-2.0.1.tgz",
          "integrity": "sha512-XnAIvQ8eM+kC6aULx6wuQiwVsnzsi9d3WxzV3FpWTGA19F621kwdbsAcFKXgKUHZWsy+mY6iL1sHTxWEFCytDA==",
          "requires": {
            "balanced-match": "^1.0.0"
          }
        },
        "minimatch": {
          "version": "5.1.6",
          "resolved": "https://registry.npmjs.org/minimatch/-/minimatch-5.1.6.tgz",
          "integrity": "sha512-lKwV/1brpG6mBUFHtb7NUmtABCb2WZZmm2wNiOA5hAb8VdCS4B3dtMWyvcoViccwAW/COERjXLt0zP1zXUN26g==",
          "requires": {
            "brace-expansion": "^2.0.1"
          }
        }
      }
    },
    "globals": {
      "version": "9.18.0",
      "resolved": "https://registry.npmjs.org/globals/-/globals-9.18.0.tgz",
      "integrity": "sha512-S0nG3CLEQiY/ILxqtztTWH/3iRRdyBLw6KMDxnKMchrtbj2OFmehVh0WUCfW3DUrIgx/qFrJPICrq4Z4sTR9UQ=="
    },
    "glogg": {
      "version": "1.0.0",
      "resolved": "https://registry.npmjs.org/glogg/-/glogg-1.0.0.tgz",
      "integrity": "sha1-f+DxmfV6yQbPUS/urY+Q7kooT8U=",
      "requires": {
        "sparkles": "1.0.0"
      }
    },
    "gulp-util": {
      "version": "3.0.8",
      "resolved": "https://registry.npmjs.org/gulp-util/-/gulp-util-3.0.8.tgz",
      "integrity": "sha1-AFTh50RQLifATBh8PsxQXdVLu08=",
      "requires": {
        "array-differ": "1.0.0",
        "array-uniq": "1.0.3",
        "beeper": "1.1.1",
        "chalk": "1.1.3",
        "dateformat": "2.2.0",
        "fancy-log": "1.3.0",
        "gulplog": "1.0.0",
        "has-gulplog": "0.1.0",
        "lodash._reescape": "3.0.0",
        "lodash._reevaluate": "3.0.0",
        "lodash._reinterpolate": "3.0.0",
        "lodash.template": "3.6.2",
        "minimist": "1.2.0",
        "multipipe": "0.1.2",
        "object-assign": "3.0.0",
        "replace-ext": "0.0.1",
        "through2": "2.0.3",
        "vinyl": "0.5.3"
      }
    },
    "gulplog": {
      "version": "1.0.0",
      "resolved": "https://registry.npmjs.org/gulplog/-/gulplog-1.0.0.tgz",
      "integrity": "sha1-4oxNRdBey77YGDY86PnFkmIp/+U=",
      "requires": {
        "glogg": "1.0.0"
      }
    },
    "has-ansi": {
      "version": "2.0.0",
      "resolved": "https://registry.npmjs.org/has-ansi/-/has-ansi-2.0.0.tgz",
      "integrity": "sha1-NPUEnOHs3ysGSa8+8k5F7TVBbZE=",
      "requires": {
        "ansi-regex": "2.1.1"
      }
    },
    "has-flag": {
      "version": "3.0.0",
      "resolved": "https://registry.npmjs.org/has-flag/-/has-flag-3.0.0.tgz",
      "integrity": "sha512-sKJf1+ceQBr4SMkvQnBDNDtf4TXpVhVGateu0t918bl30FnbE2m4vNLX+VWe/dpjlb+HugGYzW7uQXH98HPEYw=="
    },
    "has-gulplog": {
      "version": "0.1.0",
      "resolved": "https://registry.npmjs.org/has-gulplog/-/has-gulplog-0.1.0.tgz",
      "integrity": "sha1-ZBTIKRNpfaUVkDl9r7EvIpZ4Ec4=",
      "requires": {
        "sparkles": "1.0.0"
      }
    },
    "hash-sum": {
      "version": "1.0.2",
      "resolved": "https://registry.npmjs.org/hash-sum/-/hash-sum-1.0.2.tgz",
      "integrity": "sha512-fUs4B4L+mlt8/XAtSOGMUO1TXmAelItBPtJG7CyHJfYTdDjwisntGO2JQz7oUsatOY9o68+57eziUVNw/mRHmA=="
    },
    "he": {
      "version": "1.2.0",
      "resolved": "https://registry.npmjs.org/he/-/he-1.2.0.tgz",
      "integrity": "sha512-F/1DnUGPopORZi0ni+CvrCgHQ5FyEAHRLSApuYWMmrbSwoN2Mn/7k+Gl38gJnR7yyDZk6WLXwiGod1JOWNDKGw=="
    },
    "home-or-tmp": {
      "version": "2.0.0",
      "resolved": "https://registry.npmjs.org/home-or-tmp/-/home-or-tmp-2.0.0.tgz",
      "integrity": "sha1-42w/LSyufXRqhX440Y1fMqeILbg=",
      "requires": {
        "os-homedir": "1.0.2",
        "os-tmpdir": "1.0.2"
      }
    },
    "icss-replace-symbols": {
      "version": "1.1.0",
      "resolved": "https://registry.npmjs.org/icss-replace-symbols/-/icss-replace-symbols-1.1.0.tgz",
      "integrity": "sha512-chIaY3Vh2mh2Q3RGXttaDIzeiPvaVXJ+C4DAh/w3c37SKZ/U6PGMmuicR2EQQp9bKG8zLMCl7I+PtIoOOPp8Gg=="
    },
    "indexes-of": {
      "version": "1.0.1",
      "resolved": "https://registry.npmjs.org/indexes-of/-/indexes-of-1.0.1.tgz",
      "integrity": "sha512-bup+4tap3Hympa+JBJUG7XuOsdNQ6fxt0MHyXMKuLBKn0OqsTfvUxkUrroEX1+B2VsSHvCjiIcZVxRtYa4nllA=="
    },
    "inflight": {
      "version": "1.0.6",
      "resolved": "https://registry.npmjs.org/inflight/-/inflight-1.0.6.tgz",
      "integrity": "sha512-k92I/b08q4wvFscXCLvqfsHCrjrF7yiXsQuIVvVE7N82W3+aqpzuUdBbfhWcy/FZR3/4IgflMgKLOsvPDrGCJA==",
      "requires": {
        "once": "^1.3.0",
        "wrappy": "1"
      }
    },
    "inherits": {
      "version": "2.0.3",
      "resolved": "https://registry.npmjs.org/inherits/-/inherits-2.0.3.tgz",
      "integrity": "sha1-Yzwsg+PaQqUC9SRmAiSA9CCCYd4="
    },
    "ini": {
      "version": "1.3.8",
      "resolved": "https://registry.npmjs.org/ini/-/ini-1.3.8.tgz",
      "integrity": "sha512-JV/yugV2uzW5iMRSiZAyDtQd+nxtUnjeLt0acNdw98kKLrvuRVyB80tsREOE7yvGVgalhZ6RNXCmEHkUKBKxew=="
    },
    "invariant": {
      "version": "2.2.2",
      "resolved": "https://registry.npmjs.org/invariant/-/invariant-2.2.2.tgz",
      "integrity": "sha1-nh9WrArNtr8wMwbzOL47IErmA2A=",
      "requires": {
        "loose-envify": "1.3.1"
      }
    },
    "is-finite": {
      "version": "1.0.2",
      "resolved": "https://registry.npmjs.org/is-finite/-/is-finite-1.0.2.tgz",
      "integrity": "sha1-zGZ3aVYCvlUO8R6LSqYwU0K20Ko=",
      "requires": {
        "number-is-nan": "1.0.1"
      }
    },
    "isarray": {
      "version": "0.0.1",
      "resolved": "https://registry.npmjs.org/isarray/-/isarray-0.0.1.tgz",
      "integrity": "sha1-ihis/Kmo9Bd+Cav8YDiTmwXR7t8="
    },
    "js-beautify": {
      "version": "1.14.8",
      "resolved": "https://registry.npmjs.org/js-beautify/-/js-beautify-1.14.8.tgz",
      "integrity": "sha512-4S7HFeI9YfRvRgKnEweohs0tgJj28InHVIj4Nl8Htf96Y6pHg3+tJrmo4ucAM9f7l4SHbFI3IvFAZ2a1eQPbyg==",
      "requires": {
        "config-chain": "^1.1.13",
        "editorconfig": "^0.15.3",
        "glob": "^8.1.0",
        "nopt": "^6.0.0"
      }
    },
    "js-tokens": {
      "version": "3.0.2",
      "resolved": "https://registry.npmjs.org/js-tokens/-/js-tokens-3.0.2.tgz",
      "integrity": "sha1-mGbfOVECEw449/mWvOtlRDIJwls="
    },
    "jsesc": {
      "version": "1.3.0",
      "resolved": "https://registry.npmjs.org/jsesc/-/jsesc-1.3.0.tgz",
      "integrity": "sha1-RsP+yMGJKxKwgz25vHYiF226s0s="
    },
    "json5": {
      "version": "0.5.1",
      "resolved": "https://registry.npmjs.org/json5/-/json5-0.5.1.tgz",
      "integrity": "sha1-Hq3nrMASA0rYTiOWdn6tn6VJWCE="
    },
    "loader-utils": {
      "version": "0.2.17",
      "resolved": "https://registry.npmjs.org/loader-utils/-/loader-utils-0.2.17.tgz",
      "integrity": "sha512-tiv66G0SmiOx+pLWMtGEkfSEejxvb6N6uRrQjfWJIT79W9GMpgKeCAmm9aVBKtd4WEgntciI8CsGqjpDoCWJug==",
      "requires": {
        "big.js": "^3.1.3",
        "emojis-list": "^2.0.0",
        "json5": "^0.5.0",
        "object-assign": "^4.0.1"
      },
      "dependencies": {
        "object-assign": {
          "version": "4.1.1",
          "resolved": "https://registry.npmjs.org/object-assign/-/object-assign-4.1.1.tgz",
          "integrity": "sha512-rJgTQnkUnH1sFw8yT6VSU3zD3sWmu6sZhIseY8VX+GRu3P6F7Fu+JNDoXfklElbLJSnc3FUQHVe4cU5hj+BcUg=="
        }
      }
    },
    "lodash": {
      "version": "4.17.4",
      "resolved": "https://registry.npmjs.org/lodash/-/lodash-4.17.4.tgz",
      "integrity": "sha1-eCA6TRwyiuHYbcpkYONptX9AVa4="
    },
    "lodash._basecopy": {
      "version": "3.0.1",
      "resolved": "https://registry.npmjs.org/lodash._basecopy/-/lodash._basecopy-3.0.1.tgz",
      "integrity": "sha1-jaDmqHbPNEwK2KVIghEd08XHyjY="
    },
    "lodash._basetostring": {
      "version": "3.0.1",
      "resolved": "https://registry.npmjs.org/lodash._basetostring/-/lodash._basetostring-3.0.1.tgz",
      "integrity": "sha1-0YYdh3+CSlL2aYMtyvPuFVZqB9U="
    },
    "lodash._basevalues": {
      "version": "3.0.0",
      "resolved": "https://registry.npmjs.org/lodash._basevalues/-/lodash._basevalues-3.0.0.tgz",
      "integrity": "sha1-W3dXYoAr3j0yl1A+JjAIIP32Ybc="
    },
    "lodash._getnative": {
      "version": "3.9.1",
      "resolved": "https://registry.npmjs.org/lodash._getnative/-/lodash._getnative-3.9.1.tgz",
      "integrity": "sha1-VwvH3t5G1hzc3mh9ZdPuy6o6r/U="
    },
    "lodash._isiterateecall": {
      "version": "3.0.9",
      "resolved": "https://registry.npmjs.org/lodash._isiterateecall/-/lodash._isiterateecall-3.0.9.tgz",
      "integrity": "sha1-UgOte6Ql+uhCRg5pbbnPPmqsBXw="
    },
    "lodash._reescape": {
      "version": "3.0.0",
      "resolved": "https://registry.npmjs.org/lodash._reescape/-/lodash._reescape-3.0.0.tgz",
      "integrity": "sha1-Kx1vXf4HyKNVdT5fJ/rH8c3hYWo="
    },
    "lodash._reevaluate": {
      "version": "3.0.0",
      "resolved": "https://registry.npmjs.org/lodash._reevaluate/-/lodash._reevaluate-3.0.0.tgz",
      "integrity": "sha1-WLx0xAZklTrgsSTYBpltrKQx4u0="
    },
    "lodash._reinterpolate": {
      "version": "3.0.0",
      "resolved": "https://registry.npmjs.org/lodash._reinterpolate/-/lodash._reinterpolate-3.0.0.tgz",
      "integrity": "sha1-DM8tiRZq8Ds2Y8eWU4t1rG4RTZ0="
    },
    "lodash._root": {
      "version": "3.0.1",
      "resolved": "https://registry.npmjs.org/lodash._root/-/lodash._root-3.0.1.tgz",
      "integrity": "sha1-+6HEUkwZ7ppfgTa0YJ8BfPTe1pI="
    },
    "lodash.defaultsdeep": {
      "version": "4.6.1",
      "resolved": "https://registry.npmjs.org/lodash.defaultsdeep/-/lodash.defaultsdeep-4.6.1.tgz",
      "integrity": "sha512-3j8wdDzYuWO3lM3Reg03MuQR957t287Rpcxp1njpEa8oDrikb+FwGdW3n+FELh/A6qib6yPit0j/pv9G/yeAqA=="
    },
    "lodash.escape": {
      "version": "3.2.0",
      "resolved": "https://registry.npmjs.org/lodash.escape/-/lodash.escape-3.2.0.tgz",
      "integrity": "sha1-mV7g3BjBtIzJLv+ucaEKq1tIdpg=",
      "requires": {
        "lodash._root": "3.0.1"
      }
    },
    "lodash.isarguments": {
      "version": "3.1.0",
      "resolved": "https://registry.npmjs.org/lodash.isarguments/-/lodash.isarguments-3.1.0.tgz",
      "integrity": "sha1-L1c9hcaiQon/AGY7SRwdM4/zRYo="
    },
    "lodash.isarray": {
      "version": "3.0.4",
      "resolved": "https://registry.npmjs.org/lodash.isarray/-/lodash.isarray-3.0.4.tgz",
      "integrity": "sha1-eeTriMNqgSKvhvhEqpvNhRtfu1U="
    },
    "lodash.keys": {
      "version": "3.1.2",
      "resolved": "https://registry.npmjs.org/lodash.keys/-/lodash.keys-3.1.2.tgz",
      "integrity": "sha1-TbwEcrFWvlCgsoaFXRvQsMZWCYo=",
      "requires": {
        "lodash._getnative": "3.9.1",
        "lodash.isarguments": "3.1.0",
        "lodash.isarray": "3.0.4"
      }
    },
    "lodash.restparam": {
      "version": "3.6.1",
      "resolved": "https://registry.npmjs.org/lodash.restparam/-/lodash.restparam-3.6.1.tgz",
      "integrity": "sha1-k2pOMJ7zMKdkXtQUWYbIWuWyCAU="
    },
    "lodash.template": {
      "version": "3.6.2",
      "resolved": "https://registry.npmjs.org/lodash.template/-/lodash.template-3.6.2.tgz",
      "integrity": "sha1-+M3sxhaaJVvpCYrosMU9N4kx0U8=",
      "requires": {
        "lodash._basecopy": "3.0.1",
        "lodash._basetostring": "3.0.1",
        "lodash._basevalues": "3.0.0",
        "lodash._isiterateecall": "3.0.9",
        "lodash._reinterpolate": "3.0.0",
        "lodash.escape": "3.2.0",
        "lodash.keys": "3.1.2",
        "lodash.restparam": "3.6.1",
        "lodash.templatesettings": "3.1.1"
      }
    },
    "lodash.templatesettings": {
      "version": "3.1.1",
      "resolved": "https://registry.npmjs.org/lodash.templatesettings/-/lodash.templatesettings-3.1.1.tgz",
      "integrity": "sha1-+zB4RHU7Zrnxr6VOJix0UwfbqOU=",
      "requires": {
        "lodash._reinterpolate": "3.0.0",
        "lodash.escape": "3.2.0"
      }
    },
    "loose-envify": {
      "version": "1.3.1",
      "resolved": "https://registry.npmjs.org/loose-envify/-/loose-envify-1.3.1.tgz",
      "integrity": "sha1-0aitM/qc4OcT1l/dCsi3SNR4yEg=",
      "requires": {
        "js-tokens": "3.0.2"
      }
    },
    "lru-cache": {
      "version": "4.1.5",
      "resolved": "https://registry.npmjs.org/lru-cache/-/lru-cache-4.1.5.tgz",
      "integrity": "sha512-sWZlbEP2OsHNkXrMl5GYk/jKk70MBng6UU4YI/qGDYbgf6YbP4EvmqISbXCoJiRKs+1bSpFHVgQxvJ17F2li5g==",
      "requires": {
        "pseudomap": "^1.0.2",
        "yallist": "^2.1.2"
      }
    },
    "minimatch": {
      "version": "3.0.4",
      "resolved": "https://registry.npmjs.org/minimatch/-/minimatch-3.0.4.tgz",
      "integrity": "sha512-yJHVQEhyqPLUTgt9B83PXu6W3rx4MvvHvSUvToogpwoGDOUQ+yDrR0HRot+yOCdCO7u4hX3pWft6kWBBcqh0UA==",
      "requires": {
        "brace-expansion": "1.1.8"
      }
    },
    "minimist": {
      "version": "1.2.0",
      "resolved": "https://registry.npmjs.org/minimist/-/minimist-1.2.0.tgz",
      "integrity": "sha1-o1AIsg9BOD7sH7kU9M1d95omQoQ="
    },
    "mkdirp": {
      "version": "0.5.1",
      "resolved": "https://registry.npmjs.org/mkdirp/-/mkdirp-0.5.1.tgz",
      "integrity": "sha1-MAV0OOrGz3+MR2fzhkjWaX11yQM=",
      "requires": {
        "minimist": "0.0.8"
      },
      "dependencies": {
        "minimist": {
          "version": "0.0.8",
          "resolved": "https://registry.npmjs.org/minimist/-/minimist-0.0.8.tgz",
          "integrity": "sha1-hX/Kv8M5fSYluCKCYuhqp6ARsF0="
        }
      }
    },
    "ms": {
      "version": "2.0.0",
      "resolved": "https://registry.npmjs.org/ms/-/ms-2.0.0.tgz",
      "integrity": "sha1-VgiurfwAvmwpAd9fmGF4jeDVl8g="
    },
    "multipipe": {
      "version": "0.1.2",
      "resolved": "https://registry.npmjs.org/multipipe/-/multipipe-0.1.2.tgz",
      "integrity": "sha1-Ko8t33Du1WTf8tV/HhoTfZ8FB4s=",
      "requires": {
        "duplexer2": "0.0.2"
      }
    },
    "nopt": {
      "version": "6.0.0",
      "resolved": "https://registry.npmjs.org/nopt/-/nopt-6.0.0.tgz",
      "integrity": "sha512-ZwLpbTgdhuZUnZzjd7nb1ZV+4DoiC6/sfiVKok72ym/4Tlf+DFdlHYmT2JPmcNNWV6Pi3SDf1kT+A4r9RTuT9g==",
      "requires": {
        "abbrev": "^1.0.0"
      }
    },
    "number-is-nan": {
      "version": "1.0.1",
      "resolved": "https://registry.npmjs.org/number-is-nan/-/number-is-nan-1.0.1.tgz",
      "integrity": "sha1-CXtgK1NCKlIsGvuHkDGDNpQaAR0="
    },
    "object-assign": {
      "version": "3.0.0",
      "resolved": "https://registry.npmjs.org/object-assign/-/object-assign-3.0.0.tgz",
      "integrity": "sha1-m+3VygiXlJvKR+f/QIBi1Un1h/I="
    },
    "once": {
      "version": "1.4.0",
      "resolved": "https://registry.npmjs.org/once/-/once-1.4.0.tgz",
      "integrity": "sha512-lNaJgI+2Q5URQBkccEKHTQOPaXdUxnZZElQTZY0MFUAuaEqe1E+Nyvgdz/aIyNi6Z9MzO5dv1H8n58/GELp3+w==",
      "requires": {
        "wrappy": "1"
      }
    },
    "os-homedir": {
      "version": "1.0.2",
      "resolved": "https://registry.npmjs.org/os-homedir/-/os-homedir-1.0.2.tgz",
      "integrity": "sha1-/7xJiDNuDoM94MFox+8VISGqf7M="
    },
    "os-tmpdir": {
      "version": "1.0.2",
      "resolved": "https://registry.npmjs.org/os-tmpdir/-/os-tmpdir-1.0.2.tgz",
      "integrity": "sha1-u+Z0BseaqFxc/sdm/lc0VV36EnQ="
    },
    "path-is-absolute": {
      "version": "1.0.1",
      "resolved": "https://registry.npmjs.org/path-is-absolute/-/path-is-absolute-1.0.1.tgz",
      "integrity": "sha1-F0uSaHNVNP+8es5r9TpanhtcX18="
    },
    "postcss": {
      "version": "6.0.23",
      "resolved": "https://registry.npmjs.org/postcss/-/postcss-6.0.23.tgz",
      "integrity": "sha512-soOk1h6J3VMTZtVeVpv15/Hpdl2cBLX3CAw4TAbkpTJiNPk9YP/zWcD1ND+xEtvyuuvKzbxliTOIyvkSeSJ6ag==",
      "requires": {
        "chalk": "^2.4.1",
        "source-map": "^0.6.1",
        "supports-color": "^5.4.0"
      },
      "dependencies": {
        "ansi-styles": {
          "version": "3.2.1",
          "resolved": "https://registry.npmjs.org/ansi-styles/-/ansi-styles-3.2.1.tgz",
          "integrity": "sha512-VT0ZI6kZRdTh8YyJw3SMbYm/u+NqfsAxEpWO0Pf9sq8/e94WxxOpPKx9FR1FlyCtOVDNOQ+8ntlqFxiRc+r5qA==",
          "requires": {
            "color-convert": "^1.9.0"
          }
        },
        "chalk": {
          "version": "2.4.2",
          "resolved": "https://registry.npmjs.org/chalk/-/chalk-2.4.2.tgz",
          "integrity": "sha512-Mti+f9lpJNcwF4tWV8/OrTTtF1gZi+f8FqlyAdouralcFWFQWF2+NgCHShjkCb+IFBLq9buZwE1xckQU4peSuQ==",
          "requires": {
            "ansi-styles": "^3.2.1",
            "escape-string-regexp": "^1.0.5",
            "supports-color": "^5.3.0"
          }
        },
        "source-map": {
          "version": "0.6.1",
          "resolved": "https://registry.npmjs.org/source-map/-/source-map-0.6.1.tgz",
          "integrity": "sha512-UjgapumWlbMhkBgzT7Ykc5YXUT46F0iKu8SGXq0bcwP5dz/h0Plj6enJqjz1Zbq2l5WaqYnrVbwWOWMyF3F47g=="
        },
        "supports-color": {
          "version": "5.5.0",
          "resolved": "https://registry.npmjs.org/supports-color/-/supports-color-5.5.0.tgz",
          "integrity": "sha512-QjVjwdXIt408MIiAqCX4oUKsgU2EqAGzs2Ppkm4aQYbjm+ZEWEcW4SfFNTr4uMNZma0ey4f5lgLrkB0aX0QMow==",
          "requires": {
            "has-flag": "^3.0.0"
          }
        }
      }
    },
    "postcss-modules": {
      "version": "0.8.0",
      "resolved": "https://registry.npmjs.org/postcss-modules/-/postcss-modules-0.8.0.tgz",
      "integrity": "sha512-CyAB3zus8EhHCk7JWI+Thb012yaSs4roQ9mAI40rPXZqWaQ6Ic/IqtpM5o6rKHWugU9l59rhjX0h3nB5km9Tfw==",
      "requires": {
        "css-modules-loader-core": "^1.1.0",
        "generic-names": "^1.0.2",
        "postcss": "^6.0.1",
        "string-hash": "^1.1.1"
      }
    },
    "postcss-modules-extract-imports": {
      "version": "1.1.0",
      "resolved": "https://registry.npmjs.org/postcss-modules-extract-imports/-/postcss-modules-extract-imports-1.1.0.tgz",
      "integrity": "sha512-zF9+UIEvtpeqMGxhpeT9XaIevQSrBBCz9fi7SwfkmjVacsSj8DY5eFVgn+wY8I9vvdDDwK5xC8Myq4UkoLFIkA==",
      "requires": {
        "postcss": "^6.0.1"
      }
    },
    "postcss-modules-local-by-default": {
      "version": "1.2.0",
      "resolved": "https://registry.npmjs.org/postcss-modules-local-by-default/-/postcss-modules-local-by-default-1.2.0.tgz",
      "integrity": "sha512-X4cquUPIaAd86raVrBwO8fwRfkIdbwFu7CTfEOjiZQHVQwlHRSkTgH5NLDmMm5+1hQO8u6dZ+TOOJDbay1hYpA==",
      "requires": {
        "css-selector-tokenizer": "^0.7.0",
        "postcss": "^6.0.1"
      }
    },
    "postcss-modules-scope": {
      "version": "1.1.0",
      "resolved": "https://registry.npmjs.org/postcss-modules-scope/-/postcss-modules-scope-1.1.0.tgz",
      "integrity": "sha512-LTYwnA4C1He1BKZXIx1CYiHixdSe9LWYVKadq9lK5aCCMkoOkFyZ7aigt+srfjlRplJY3gIol6KUNefdMQJdlw==",
      "requires": {
        "css-selector-tokenizer": "^0.7.0",
        "postcss": "^6.0.1"
      }
    },
    "postcss-modules-values": {
      "version": "1.3.0",
      "resolved": "https://registry.npmjs.org/postcss-modules-values/-/postcss-modules-values-1.3.0.tgz",
      "integrity": "sha512-i7IFaR9hlQ6/0UgFuqM6YWaCfA1Ej8WMg8A5DggnH1UGKJvTV/ugqq/KaULixzzOi3T/tF6ClBXcHGCzdd5unA==",
      "requires": {
        "icss-replace-symbols": "^1.1.0",
        "postcss": "^6.0.1"
      }
    },
    "postcss-selector-parser": {
      "version": "2.2.3",
      "resolved": "https://registry.npmjs.org/postcss-selector-parser/-/postcss-selector-parser-2.2.3.tgz",
      "integrity": "sha512-3pqyakeGhrO0BQ5+/tGTfvi5IAUAhHRayGK8WFSu06aEv2BmHoXw/Mhb+w7VY5HERIuC+QoUI7wgrCcq2hqCVA==",
      "requires": {
        "flatten": "^1.0.2",
        "indexes-of": "^1.0.1",
        "uniq": "^1.0.1"
      }
    },
    "private": {
      "version": "0.1.8",
      "resolved": "https://registry.npmjs.org/private/-/private-0.1.8.tgz",
      "integrity": "sha512-VvivMrbvd2nKkiG38qjULzlc+4Vx4wm/whI9pQD35YrARNnhxeiRktSOhSukRLFNlzg6Br/cJPet5J/u19r/mg=="
    },
    "process-nextick-args": {
      "version": "1.0.7",
      "resolved": "https://registry.npmjs.org/process-nextick-args/-/process-nextick-args-1.0.7.tgz",
      "integrity": "sha1-FQ4gt1ZZCtP5EJPyWk8q2L/zC6M="
    },
    "proto-list": {
      "version": "1.2.4",
      "resolved": "https://registry.npmjs.org/proto-list/-/proto-list-1.2.4.tgz",
      "integrity": "sha512-vtK/94akxsTMhe0/cbfpR+syPuszcuwhqVjJq26CuNDgFGj682oRBXOP5MJpv2r7JtE8MsiepGIqvvOTBwn2vA=="
    },
    "pseudomap": {
      "version": "1.0.2",
      "resolved": "https://registry.npmjs.org/pseudomap/-/pseudomap-1.0.2.tgz",
      "integrity": "sha512-b/YwNhb8lk1Zz2+bXXpS/LK9OisiZZ1SNsSLxN1x2OXVEhW2Ckr/7mWE5vrC1ZTiJlD9g19jWszTmJsB+oEpFQ=="
    },
    "readable-stream": {
      "version": "1.1.14",
      "resolved": "https://registry.npmjs.org/readable-stream/-/readable-stream-1.1.14.tgz",
      "integrity": "sha1-fPTFTvZI44EwhMY23SB54WbAgdk=",
      "requires": {
        "core-util-is": "1.0.2",
        "inherits": "2.0.3",
        "isarray": "0.0.1",
        "string_decoder": "0.10.31"
      }
    },
    "regenerator-runtime": {
      "version": "0.11.0",
      "resolved": "https://registry.npmjs.org/regenerator-runtime/-/regenerator-runtime-0.11.0.tgz",
      "integrity": "sha512-/aA0kLeRb5N9K0d4fw7ooEbI+xDe+DKD499EQqygGqeS8N3xto15p09uY2xj7ixP81sNPXvRLnAQIqdVStgb1A=="
    },
    "repeating": {
      "version": "2.0.1",
      "resolved": "https://registry.npmjs.org/repeating/-/repeating-2.0.1.tgz",
      "integrity": "sha1-UhTFOpJtNVJwdSf7q0FdvAjQbdo=",
      "requires": {
        "is-finite": "1.0.2"
      }
    },
    "replace-ext": {
      "version": "0.0.1",
      "resolved": "https://registry.npmjs.org/replace-ext/-/replace-ext-0.0.1.tgz",
      "integrity": "sha1-KbvZIHinOfC8zitO5B6DeVNSKSQ="
    },
    "safe-buffer": {
      "version": "5.1.1",
      "resolved": "https://registry.npmjs.org/safe-buffer/-/safe-buffer-5.1.1.tgz",
      "integrity": "sha512-kKvNJn6Mm93gAczWVJg7wH+wGYWNrDHdWvpUmHyEsgCtIwwo3bqPtV4tR5tuPaUhTOo/kvhVwd8XwwOllGYkbg=="
    },
    "semver": {
      "version": "5.7.2",
      "resolved": "https://registry.npmjs.org/semver/-/semver-5.7.2.tgz",
      "integrity": "sha512-cBznnQ9KjJqU67B52RMC65CMarK2600WFnbkcaiwWq3xy/5haFJlshgnpjovMVJ+Hff49d8GEn0b87C5pDQ10g=="
    },
    "sigmund": {
      "version": "1.0.1",
      "resolved": "https://registry.npmjs.org/sigmund/-/sigmund-1.0.1.tgz",
      "integrity": "sha512-fCvEXfh6NWpm+YSuY2bpXb/VIihqWA6hLsgboC+0nl71Q7N7o2eaCW8mJa/NLvQhs6jpd3VZV4UiUQlV6+lc8g=="
    },
    "slash": {
      "version": "1.0.0",
      "resolved": "https://registry.npmjs.org/slash/-/slash-1.0.0.tgz",
      "integrity": "sha1-xB8vbDn8FtHNF61LXYlhFK5HDVU="
    },
    "source-map": {
      "version": "0.5.7",
      "resolved": "https://registry.npmjs.org/source-map/-/source-map-0.5.7.tgz",
      "integrity": "sha1-igOdLRAh0i0eoUyA2OpGi6LvP8w="
    },
    "source-map-support": {
      "version": "0.4.18",
      "resolved": "https://registry.npmjs.org/source-map-support/-/source-map-support-0.4.18.tgz",
      "integrity": "sha512-try0/JqxPLF9nOjvSta7tVondkP5dwgyLDjVoyMDlmjugT2lRZ1OfsrYTkCd2hkDnJTKRbO/Rl3orm8vlsUzbA==",
      "requires": {
        "source-map": "0.5.7"
      }
    },
    "sparkles": {
      "version": "1.0.0",
      "resolved": "https://registry.npmjs.org/sparkles/-/sparkles-1.0.0.tgz",
      "integrity": "sha1-Gsu/tZJDbRC76PeFt8xvgoFQEsM="
    },
    "string-hash": {
      "version": "1.1.3",
      "resolved": "https://registry.npmjs.org/string-hash/-/string-hash-1.1.3.tgz",
      "integrity": "sha512-kJUvRUFK49aub+a7T1nNE66EJbZBMnBgoC1UbCZ5n6bsZKBRga4KgBRTMn/pFkeCZSYtNeSyMxPDM0AXWELk2A=="
    },
    "string_decoder": {
      "version": "0.10.31",
      "resolved": "https://registry.npmjs.org/string_decoder/-/string_decoder-0.10.31.tgz",
      "integrity": "sha1-YuIDvEF2bGwoyfyEMB2rHFMQ+pQ="
    },
    "strip-ansi": {
      "version": "3.0.1",
      "resolved": "https://registry.npmjs.org/strip-ansi/-/strip-ansi-3.0.1.tgz",
      "integrity": "sha1-ajhfuIU9lS1f8F0Oiq+UJ43GPc8=",
      "requires": {
        "ansi-regex": "2.1.1"
      }
    },
    "supports-color": {
      "version": "2.0.0",
      "resolved": "https://registry.npmjs.org/supports-color/-/supports-color-2.0.0.tgz",
      "integrity": "sha1-U10EXOa2Nj+kARcIRimZXp3zJMc="
    },
    "through2": {
      "version": "2.0.3",
      "resolved": "https://registry.npmjs.org/through2/-/through2-2.0.3.tgz",
      "integrity": "sha1-AARWmzfHx0ujnEPzzteNGtlBQL4=",
      "requires": {
        "readable-stream": "2.3.3",
        "xtend": "4.0.1"
      },
      "dependencies": {
        "isarray": {
          "version": "1.0.0",
          "resolved": "https://registry.npmjs.org/isarray/-/isarray-1.0.0.tgz",
          "integrity": "sha1-u5NdSFgsuhaMBoNJV6VKPgcSTxE="
        },
        "readable-stream": {
          "version": "2.3.3",
          "resolved": "https://registry.npmjs.org/readable-stream/-/readable-stream-2.3.3.tgz",
          "integrity": "sha512-m+qzzcn7KUxEmd1gMbchF+Y2eIUbieUaxkWtptyHywrX0rE8QEYqPC07Vuy4Wm32/xE16NcdBctb8S0Xe/5IeQ==",
          "requires": {
            "core-util-is": "1.0.2",
            "inherits": "2.0.3",
            "isarray": "1.0.0",
            "process-nextick-args": "1.0.7",
            "safe-buffer": "5.1.1",
            "string_decoder": "1.0.3",
            "util-deprecate": "1.0.2"
          }
        },
        "string_decoder": {
          "version": "1.0.3",
          "resolved": "https://registry.npmjs.org/string_decoder/-/string_decoder-1.0.3.tgz",
          "integrity": "sha512-4AH6Z5fzNNBcH+6XDMfA/BTt87skxqJlO0lAh3Dker5zThcAxG6mKz+iGu308UKoPPQ8Dcqx/4JhujzltRa+hQ==",
          "requires": {
            "safe-buffer": "5.1.1"
          }
        }
      }
    },
    "time-stamp": {
      "version": "1.1.0",
      "resolved": "https://registry.npmjs.org/time-stamp/-/time-stamp-1.1.0.tgz",
      "integrity": "sha1-dkpaEa9QVhkhsTPztE5hhofg9cM="
    },
    "to-fast-properties": {
      "version": "1.0.3",
      "resolved": "https://registry.npmjs.org/to-fast-properties/-/to-fast-properties-1.0.3.tgz",
      "integrity": "sha1-uDVx+k2MJbguIxsG46MFXeTKGkc="
    },
    "trim-right": {
      "version": "1.0.1",
      "resolved": "https://registry.npmjs.org/trim-right/-/trim-right-1.0.1.tgz",
      "integrity": "sha1-yy4SAwZ+DI3h9hQJS5/kVwTqYAM="
    },
    "uniq": {
      "version": "1.0.1",
      "resolved": "https://registry.npmjs.org/uniq/-/uniq-1.0.1.tgz",
      "integrity": "sha512-Gw+zz50YNKPDKXs+9d+aKAjVwpjNwqzvNpLigIruT4HA9lMZNdMqs9x07kKHB/L9WRzqp4+DlTU5s4wG2esdoA=="
    },
    "util-deprecate": {
      "version": "1.0.2",
      "resolved": "https://registry.npmjs.org/util-deprecate/-/util-deprecate-1.0.2.tgz",
      "integrity": "sha1-RQ1Nyfpw3nMnYvvS1KKJgUGaDM8="
    },
    "vinyl": {
      "version": "0.5.3",
      "resolved": "https://registry.npmjs.org/vinyl/-/vinyl-0.5.3.tgz",
      "integrity": "sha1-sEVbOPxeDPMNQyUTLkYZcMIJHN4=",
      "requires": {
        "clone": "1.0.2",
        "clone-stats": "0.0.1",
        "replace-ext": "0.0.1"
      }
    },
    "vue-component-compiler": {
      "version": "git+ssh://git@github.com/frandiox/vue-component-compiler.git#0ba6e8bc74e97d53e137f557d7e632c3686edef1",
      "from": "git+ssh://git@github.com/frandiox/vue-component-compiler.git#0ba6e8bc74e97d53e137f557d7e632c3686edef1",
      "requires": {
        "hash-sum": "^1.0.2",
        "js-beautify": "^1.7.3",
        "lodash.defaultsdeep": "^4.6.0",
        "lru-cache": "^4.1.1",
        "postcss": "^6.0.12",
        "postcss-modules": "^0.8.0",
        "postcss-selector-parser": "^2.2.3",
        "source-map": "^0.6.1",
        "vue-hot-reload-api": "^2.1.0",
        "vue-template-compiler": "^2.4.4",
        "vue-template-es2015-compiler": "^1.5.3"
      },
      "dependencies": {
        "source-map": {
          "version": "0.6.1",
          "resolved": "https://registry.npmjs.org/source-map/-/source-map-0.6.1.tgz",
          "integrity": "sha512-UjgapumWlbMhkBgzT7Ykc5YXUT46F0iKu8SGXq0bcwP5dz/h0Plj6enJqjz1Zbq2l5WaqYnrVbwWOWMyF3F47g=="
        }
      }
    },
    "vue-hot-reload-api": {
      "version": "2.3.4",
      "resolved": "https://registry.npmjs.org/vue-hot-reload-api/-/vue-hot-reload-api-2.3.4.tgz",
      "integrity": "sha512-BXq3jwIagosjgNVae6tkHzzIk6a8MHFtzAdwhnV5VlvPTFxDCvIttgSiHWjdGoTJvXtmRu5HacExfdarRcFhog=="
    },
    "vue-template-compiler": {
      "version": "2.7.14",
      "resolved": "https://registry.npmjs.org/vue-template-compiler/-/vue-template-compiler-2.7.14.tgz",
      "integrity": "sha512-zyA5Y3ArvVG0NacJDkkzJuPQDF8RFeRlzV2vLeSnhSpieO6LK2OVbdLPi5MPPs09Ii+gMO8nY4S3iKQxBxDmWQ==",
      "requires": {
        "de-indent": "^1.0.2",
        "he": "^1.2.0"
      }
    },
    "vue-template-es2015-compiler": {
      "version": "1.9.1",
      "resolved": "https://registry.npmjs.org/vue-template-es2015-compiler/-/vue-template-es2015-compiler-1.9.1.tgz",
      "integrity": "sha512-4gDntzrifFnCEvyoO8PqyJDmguXgVPxKiIxrBKjIowvL9l+N66196+72XVYR8BBf1Uv1Fgt3bGevJ+sEmxfZzw=="
    },
    "wrappy": {
      "version": "1.0.2",
      "resolved": "https://registry.npmjs.org/wrappy/-/wrappy-1.0.2.tgz",
      "integrity": "sha512-l4Sp/DRseor9wL6EvV2+TuQn63dMkPjZ/sp9XkghTEbV9KlPS1xUsZ3u7/IQO4wxtcFB4bgpQPRcR3QCvezPcQ=="
    },
    "xtend": {
      "version": "4.0.1",
      "resolved": "https://registry.npmjs.org/xtend/-/xtend-4.0.1.tgz",
      "integrity": "sha1-pcbVMr5lbiPbgg77lDofBJmNY68="
    },
    "yallist": {
      "version": "2.1.2",
      "resolved": "https://registry.npmjs.org/yallist/-/yallist-2.1.2.tgz",
      "integrity": "sha512-ncTzHV7NvsQZkYe1DW7cbDLm0YpzHmZF5r/iyP3ZnQtMiJ+pjzisCiMNI+Sj+xQF5pXhSHxSB3uDbsBTzY/c2A=="
    }
  }
}
